
Microsoft Visual Studio Solution File, Format Version 12.00
# Visual Studio Version 17
VisualStudioVersion = 17.2.32630.192
MinimumVisualStudioVersion = 10.0.40219.1
Project("{FAE04EC0-301F-11D3-BF4B-00C04F79EFBC}") = "Preisvergleich.Console", "Preisvergleich.Console\Preisvergleich.Console.csproj", "{DC212D0C-5DFC-4F26-8FCA-CC9DD42DE2CA}"
EndProject
Global
	GlobalSection(SolutionConfigurationPlatforms) = preSolution
		Debug|Any CPU = Debug|Any CPU
		Release|Any CPU = Release|Any CPU
	EndGlobalSection
	GlobalSection(ProjectConfigurationPlatforms) = postSolution
		{DC212D0C-5DFC-4F26-8FCA-CC9DD42DE2CA}.Debug|Any CPU.ActiveCfg = Debug|Any CPU
		{DC212D0C-5DFC-4F26-8FCA-CC9DD42DE2CA}.Debug|Any CPU.Build.0 = Debug|Any CPU
		{DC212D0C-5DFC-4F26-8FCA-CC9DD42DE2CA}.Release|Any CPU.ActiveCfg = Release|Any CPU
		{DC212D0C-5DFC-4F26-8FCA-CC9DD42DE2CA}.Release|Any CPU.Build.0 = Release|Any CPU
	EndGlobalSection
	GlobalSection(SolutionProperties) = preSolution
		HideSolutionNode = FALSE
	EndGlobalSection
	GlobalSection(ExtensibilityGlobals) = postSolution
		SolutionGuid = {F2B053AE-EA33-402F-976B-7BECBBD8D4AE}
	EndGlobalSection
EndGlobal
