
Microsoft Visual Studio Solution File, Format Version 12.00
# Visual Studio Version 17
VisualStudioVersion = 17.2.32630.192
MinimumVisualStudioVersion = 10.0.40219.1
Project("{9A19103F-16F7-4668-BE54-9A1E7A4F7556}") = "Preisvergleich.Console", "Preisvergleich.Console\Preisvergleich.Console.csproj", "{DC212D0C-5DFC-4F26-8FCA-CC9DD42DE2CA}"
EndProject
Project("{9A19103F-16F7-4668-BE54-9A1E7A4F7556}") = "Preisvergleich.DataAccess", "Preisvergleich.DataAccess\Preisvergleich.DataAccess.csproj", "{50496F60-6796-48BC-98C2-E528FB28A8F5}"
EndProject
Project("{9A19103F-16F7-4668-BE54-9A1E7A4F7556}") = "Preisvergleich.FetchData", "Preisvergleich.FetchData\Preisvergleich.FetchData.csproj", "{673C00C6-770C-4DAE-8ECF-3C681C27A9DB}"
EndProject
Project("{9A19103F-16F7-4668-BE54-9A1E7A4F7556}") = "Preisvergleich.FetchData.Tests", "Preisvergleich.FetchData.Tests\Preisvergleich.FetchData.Tests.csproj", "{4629AEE1-F8EE-4F31-8A0F-406091F066F3}"
EndProject
Project("{9A19103F-16F7-4668-BE54-9A1E7A4F7556}") = "Preisvergleich.AcceptanceTests", "Preisvergleich.AcceptanceTests\Preisvergleich.AcceptanceTests.csproj", "{58B2421A-34C1-48AE-92D4-C1A7F29B8101}"
EndProject
Project("{FAE04EC0-301F-11D3-BF4B-00C04F79EFBC}") = "Preisvergleich.DataAccess.Tests", "Preisvergleich.DataLoader.Tests\Preisvergleich.DataAccess.Tests.csproj", "{12CD69BD-0233-4BB7-A2B0-92E7BF5B15C8}"
EndProject
Global
	GlobalSection(SolutionConfigurationPlatforms) = preSolution
		Debug|Any CPU = Debug|Any CPU
		Release|Any CPU = Release|Any CPU
	EndGlobalSection
	GlobalSection(ProjectConfigurationPlatforms) = postSolution
		{DC212D0C-5DFC-4F26-8FCA-CC9DD42DE2CA}.Debug|Any CPU.ActiveCfg = Debug|Any CPU
		{DC212D0C-5DFC-4F26-8FCA-CC9DD42DE2CA}.Debug|Any CPU.Build.0 = Debug|Any CPU
		{DC212D0C-5DFC-4F26-8FCA-CC9DD42DE2CA}.Release|Any CPU.ActiveCfg = Release|Any CPU
		{DC212D0C-5DFC-4F26-8FCA-CC9DD42DE2CA}.Release|Any CPU.Build.0 = Release|Any CPU
		{50496F60-6796-48BC-98C2-E528FB28A8F5}.Debug|Any CPU.ActiveCfg = Debug|Any CPU
		{50496F60-6796-48BC-98C2-E528FB28A8F5}.Debug|Any CPU.Build.0 = Debug|Any CPU
		{50496F60-6796-48BC-98C2-E528FB28A8F5}.Release|Any CPU.ActiveCfg = Release|Any CPU
		{50496F60-6796-48BC-98C2-E528FB28A8F5}.Release|Any CPU.Build.0 = Release|Any CPU
		{673C00C6-770C-4DAE-8ECF-3C681C27A9DB}.Debug|Any CPU.ActiveCfg = Debug|Any CPU
		{673C00C6-770C-4DAE-8ECF-3C681C27A9DB}.Debug|Any CPU.Build.0 = Debug|Any CPU
		{673C00C6-770C-4DAE-8ECF-3C681C27A9DB}.Release|Any CPU.ActiveCfg = Release|Any CPU
		{673C00C6-770C-4DAE-8ECF-3C681C27A9DB}.Release|Any CPU.Build.0 = Release|Any CPU
		{4629AEE1-F8EE-4F31-8A0F-406091F066F3}.Debug|Any CPU.ActiveCfg = Debug|Any CPU
		{4629AEE1-F8EE-4F31-8A0F-406091F066F3}.Debug|Any CPU.Build.0 = Debug|Any CPU
		{4629AEE1-F8EE-4F31-8A0F-406091F066F3}.Release|Any CPU.ActiveCfg = Release|Any CPU
		{4629AEE1-F8EE-4F31-8A0F-406091F066F3}.Release|Any CPU.Build.0 = Release|Any CPU
		{58B2421A-34C1-48AE-92D4-C1A7F29B8101}.Debug|Any CPU.ActiveCfg = Debug|Any CPU
		{58B2421A-34C1-48AE-92D4-C1A7F29B8101}.Debug|Any CPU.Build.0 = Debug|Any CPU
		{58B2421A-34C1-48AE-92D4-C1A7F29B8101}.Release|Any CPU.ActiveCfg = Release|Any CPU
		{58B2421A-34C1-48AE-92D4-C1A7F29B8101}.Release|Any CPU.Build.0 = Release|Any CPU
		{12CD69BD-0233-4BB7-A2B0-92E7BF5B15C8}.Debug|Any CPU.ActiveCfg = Debug|Any CPU
		{12CD69BD-0233-4BB7-A2B0-92E7BF5B15C8}.Debug|Any CPU.Build.0 = Debug|Any CPU
		{12CD69BD-0233-4BB7-A2B0-92E7BF5B15C8}.Release|Any CPU.ActiveCfg = Release|Any CPU
		{12CD69BD-0233-4BB7-A2B0-92E7BF5B15C8}.Release|Any CPU.Build.0 = Release|Any CPU
	EndGlobalSection
	GlobalSection(SolutionProperties) = preSolution
		HideSolutionNode = FALSE
	EndGlobalSection
	GlobalSection(ExtensibilityGlobals) = postSolution
		SolutionGuid = {F2B053AE-EA33-402F-976B-7BECBBD8D4AE}
	EndGlobalSection
EndGlobal
